
Microsoft Visual Studio Solution File, Format Version 12.00
# Visual Studio Version 16
VisualStudioVersion = 16.0.30428.66
MinimumVisualStudioVersion = 10.0.40219.1
Project("{2150E333-8FDC-42A3-9474-1A3956D46DE8}") = "Services", "Services", "{2514BA67-E5DB-4F61-8091-DF0E44559428}"
EndProject
Project("{2150E333-8FDC-42A3-9474-1A3956D46DE8}") = "Catalog", "Catalog", "{7E811550-F23D-4F7A-B32B-DCBDA322D47C}"
EndProject
Project("{9A19103F-16F7-4668-BE54-9A1E7A4F7556}") = "Catalog.API", "Services\Catalog\Catalog.API\Catalog.API.csproj", "{5E38247E-D3E5-4160-873B-BF411EB79D3F}"
EndProject
Project("{E53339B2-1760-4266-BCC7-CA923CBCF16C}") = "docker-compose", "docker-compose.dcproj", "{45F02E21-2143-48AB-9616-B277C220C13F}"
EndProject
Project("{2150E333-8FDC-42A3-9474-1A3956D46DE8}") = "Basket", "Basket", "{B2115CA5-10FF-499E-A2DB-BAC4B714D50C}"
EndProject
Project("{9A19103F-16F7-4668-BE54-9A1E7A4F7556}") = "Basket.API", "Services\Basket\Basket.API\Basket.API.csproj", "{8D37EEBF-EA2D-4E63-ADE0-237AF5A5F555}"
EndProject
Project("{2150E333-8FDC-42A3-9474-1A3956D46DE8}") = "Discount", "Discount", "{903A75B9-C7E1-4308-BA81-3BE8A4726883}"
EndProject
Project("{9A19103F-16F7-4668-BE54-9A1E7A4F7556}") = "Discount.API", "..\Services\Discount\Discount.API\Discount.API.csproj", "{36E43E0C-F8C3-409C-B437-16CD8CD20C2B}"
EndProject
Project("{2150E333-8FDC-42A3-9474-1A3956D46DE8}") = "Discount2", "Discount2", "{05C9F97C-142A-4138-B9A1-42DC89D89975}"
EndProject
Project("{9A19103F-16F7-4668-BE54-9A1E7A4F7556}") = "Discount.API", "Services\Discount\Discount.API\Discount.API.csproj", "{6CF9C7C8-43A8-4873-93D3-A281656CE0C2}"
EndProject
Project("{FAE04EC0-301F-11D3-BF4B-00C04F79EFBC}") = "Discount.Grpc", "Services\Discount\Discount.Grpc\Discount.Grpc.csproj", "{8DD0DA97-4FB3-474E-9602-86A3D6FA85F7}"
EndProject
Project("{2150E333-8FDC-42A3-9474-1A3956D46DE8}") = "Ordering", "Ordering", "{68839930-BD3F-46EF-85A8-24B738C26A59}"
EndProject
Project("{FAE04EC0-301F-11D3-BF4B-00C04F79EFBC}") = "Ordering.API", "Services\Ordering\Ordering.API\Ordering.API.csproj", "{02069805-17EB-4B97-898A-6367C4B33692}"
EndProject
Project("{FAE04EC0-301F-11D3-BF4B-00C04F79EFBC}") = "Ordering.Domain", "Services\Ordering\Ordering.Domain\Ordering.Domain.csproj", "{0F8C8A38-6342-4096-B177-EEF1A08FC263}"
EndProject
Project("{FAE04EC0-301F-11D3-BF4B-00C04F79EFBC}") = "Ordering.Application", "Services\Ordering\Ordering.Application\Ordering.Application.csproj", "{D39357E5-11B0-4266-8B20-CD6A56095AD6}"
EndProject
Project("{FAE04EC0-301F-11D3-BF4B-00C04F79EFBC}") = "Ordering.Infrastructure", "Services\Ordering\Ordering.Infrastructure\Ordering.Infrastructure.csproj", "{184CC5F1-A93B-4426-8B5D-651763085B1D}"
EndProject
Global
	GlobalSection(SolutionConfigurationPlatforms) = preSolution
		Debug|Any CPU = Debug|Any CPU
		Release|Any CPU = Release|Any CPU
	EndGlobalSection
	GlobalSection(ProjectConfigurationPlatforms) = postSolution
		{5E38247E-D3E5-4160-873B-BF411EB79D3F}.Debug|Any CPU.ActiveCfg = Debug|Any CPU
		{5E38247E-D3E5-4160-873B-BF411EB79D3F}.Debug|Any CPU.Build.0 = Debug|Any CPU
		{5E38247E-D3E5-4160-873B-BF411EB79D3F}.Release|Any CPU.ActiveCfg = Release|Any CPU
		{5E38247E-D3E5-4160-873B-BF411EB79D3F}.Release|Any CPU.Build.0 = Release|Any CPU
		{45F02E21-2143-48AB-9616-B277C220C13F}.Debug|Any CPU.ActiveCfg = Debug|Any CPU
		{45F02E21-2143-48AB-9616-B277C220C13F}.Debug|Any CPU.Build.0 = Debug|Any CPU
		{45F02E21-2143-48AB-9616-B277C220C13F}.Release|Any CPU.ActiveCfg = Release|Any CPU
		{45F02E21-2143-48AB-9616-B277C220C13F}.Release|Any CPU.Build.0 = Release|Any CPU
		{8D37EEBF-EA2D-4E63-ADE0-237AF5A5F555}.Debug|Any CPU.ActiveCfg = Debug|Any CPU
		{8D37EEBF-EA2D-4E63-ADE0-237AF5A5F555}.Debug|Any CPU.Build.0 = Debug|Any CPU
		{8D37EEBF-EA2D-4E63-ADE0-237AF5A5F555}.Release|Any CPU.ActiveCfg = Release|Any CPU
		{8D37EEBF-EA2D-4E63-ADE0-237AF5A5F555}.Release|Any CPU.Build.0 = Release|Any CPU
		{36E43E0C-F8C3-409C-B437-16CD8CD20C2B}.Debug|Any CPU.ActiveCfg = Debug|Any CPU
		{36E43E0C-F8C3-409C-B437-16CD8CD20C2B}.Debug|Any CPU.Build.0 = Debug|Any CPU
		{36E43E0C-F8C3-409C-B437-16CD8CD20C2B}.Release|Any CPU.ActiveCfg = Release|Any CPU
		{36E43E0C-F8C3-409C-B437-16CD8CD20C2B}.Release|Any CPU.Build.0 = Release|Any CPU
		{6CF9C7C8-43A8-4873-93D3-A281656CE0C2}.Debug|Any CPU.ActiveCfg = Debug|Any CPU
		{6CF9C7C8-43A8-4873-93D3-A281656CE0C2}.Debug|Any CPU.Build.0 = Debug|Any CPU
		{6CF9C7C8-43A8-4873-93D3-A281656CE0C2}.Release|Any CPU.ActiveCfg = Release|Any CPU
		{6CF9C7C8-43A8-4873-93D3-A281656CE0C2}.Release|Any CPU.Build.0 = Release|Any CPU
		{8DD0DA97-4FB3-474E-9602-86A3D6FA85F7}.Debug|Any CPU.ActiveCfg = Debug|Any CPU
		{8DD0DA97-4FB3-474E-9602-86A3D6FA85F7}.Debug|Any CPU.Build.0 = Debug|Any CPU
		{8DD0DA97-4FB3-474E-9602-86A3D6FA85F7}.Release|Any CPU.ActiveCfg = Release|Any CPU
		{8DD0DA97-4FB3-474E-9602-86A3D6FA85F7}.Release|Any CPU.Build.0 = Release|Any CPU
		{02069805-17EB-4B97-898A-6367C4B33692}.Debug|Any CPU.ActiveCfg = Debug|Any CPU
		{02069805-17EB-4B97-898A-6367C4B33692}.Debug|Any CPU.Build.0 = Debug|Any CPU
		{02069805-17EB-4B97-898A-6367C4B33692}.Release|Any CPU.ActiveCfg = Release|Any CPU
		{02069805-17EB-4B97-898A-6367C4B33692}.Release|Any CPU.Build.0 = Release|Any CPU
		{0F8C8A38-6342-4096-B177-EEF1A08FC263}.Debug|Any CPU.ActiveCfg = Debug|Any CPU
		{0F8C8A38-6342-4096-B177-EEF1A08FC263}.Debug|Any CPU.Build.0 = Debug|Any CPU
		{0F8C8A38-6342-4096-B177-EEF1A08FC263}.Release|Any CPU.ActiveCfg = Release|Any CPU
		{0F8C8A38-6342-4096-B177-EEF1A08FC263}.Release|Any CPU.Build.0 = Release|Any CPU
		{D39357E5-11B0-4266-8B20-CD6A56095AD6}.Debug|Any CPU.ActiveCfg = Debug|Any CPU
		{D39357E5-11B0-4266-8B20-CD6A56095AD6}.Debug|Any CPU.Build.0 = Debug|Any CPU
		{D39357E5-11B0-4266-8B20-CD6A56095AD6}.Release|Any CPU.ActiveCfg = Release|Any CPU
		{D39357E5-11B0-4266-8B20-CD6A56095AD6}.Release|Any CPU.Build.0 = Release|Any CPU
		{184CC5F1-A93B-4426-8B5D-651763085B1D}.Debug|Any CPU.ActiveCfg = Debug|Any CPU
		{184CC5F1-A93B-4426-8B5D-651763085B1D}.Debug|Any CPU.Build.0 = Debug|Any CPU
		{184CC5F1-A93B-4426-8B5D-651763085B1D}.Release|Any CPU.ActiveCfg = Release|Any CPU
		{184CC5F1-A93B-4426-8B5D-651763085B1D}.Release|Any CPU.Build.0 = Release|Any CPU
	EndGlobalSection
	GlobalSection(SolutionProperties) = preSolution
		HideSolutionNode = FALSE
	EndGlobalSection
	GlobalSection(NestedProjects) = preSolution
		{7E811550-F23D-4F7A-B32B-DCBDA322D47C} = {2514BA67-E5DB-4F61-8091-DF0E44559428}
		{5E38247E-D3E5-4160-873B-BF411EB79D3F} = {7E811550-F23D-4F7A-B32B-DCBDA322D47C}
		{B2115CA5-10FF-499E-A2DB-BAC4B714D50C} = {2514BA67-E5DB-4F61-8091-DF0E44559428}
		{8D37EEBF-EA2D-4E63-ADE0-237AF5A5F555} = {B2115CA5-10FF-499E-A2DB-BAC4B714D50C}
		{903A75B9-C7E1-4308-BA81-3BE8A4726883} = {2514BA67-E5DB-4F61-8091-DF0E44559428}
		{36E43E0C-F8C3-409C-B437-16CD8CD20C2B} = {903A75B9-C7E1-4308-BA81-3BE8A4726883}
		{05C9F97C-142A-4138-B9A1-42DC89D89975} = {2514BA67-E5DB-4F61-8091-DF0E44559428}
		{6CF9C7C8-43A8-4873-93D3-A281656CE0C2} = {05C9F97C-142A-4138-B9A1-42DC89D89975}
		{8DD0DA97-4FB3-474E-9602-86A3D6FA85F7} = {05C9F97C-142A-4138-B9A1-42DC89D89975}
		{68839930-BD3F-46EF-85A8-24B738C26A59} = {2514BA67-E5DB-4F61-8091-DF0E44559428}
		{02069805-17EB-4B97-898A-6367C4B33692} = {68839930-BD3F-46EF-85A8-24B738C26A59}
		{0F8C8A38-6342-4096-B177-EEF1A08FC263} = {68839930-BD3F-46EF-85A8-24B738C26A59}
		{D39357E5-11B0-4266-8B20-CD6A56095AD6} = {68839930-BD3F-46EF-85A8-24B738C26A59}
		{184CC5F1-A93B-4426-8B5D-651763085B1D} = {68839930-BD3F-46EF-85A8-24B738C26A59}
	EndGlobalSection
	GlobalSection(ExtensibilityGlobals) = postSolution
		SolutionGuid = {0F561AB8-81D1-4BE9-9B01-A9E82E5AA09E}
	EndGlobalSection
EndGlobal
